
Microsoft Visual Studio Solution File, Format Version 11.00
# Visual C++ Express 2010
Project("{8BC9CEB8-8B4A-11D0-8D11-00A0C91BC942}") = "DataFusion", "C:\Users\X\Documents\__Opticks\Code\application\PlugIns\src\DataFusion\DataFusion.vcxproj", "{ED0365F6-DD31-4C67-A786-CCE5970DF86D}"
EndProject
Global
	GlobalSection(SolutionConfigurationPlatforms) = preSolution
		Debug|Win32 = Debug|Win32
		Release|Win32 = Release|Win32
	EndGlobalSection
	GlobalSection(ProjectConfigurationPlatforms) = postSolution
		{ED0365F6-DD31-4C67-A786-CCE5970DF86D}.Debug|Win32.ActiveCfg = Debug|Win32
		{ED0365F6-DD31-4C67-A786-CCE5970DF86D}.Debug|Win32.Build.0 = Debug|Win32
		{ED0365F6-DD31-4C67-A786-CCE5970DF86D}.Release|Win32.ActiveCfg = Release|Win32
		{ED0365F6-DD31-4C67-A786-CCE5970DF86D}.Release|Win32.Build.0 = Release|Win32
	EndGlobalSection
	GlobalSection(SolutionProperties) = preSolution
		HideSolutionNode = FALSE
	EndGlobalSection
EndGlobal
